
Microsoft Visual Studio Solution File, Format Version 10.00
# Visual Studio 2008
Project("{FAE04EC0-301F-11D3-BF4B-00C04F79EFBC}") = "SimConnectTestWinForm", "SimConnectTestWinForm\SimConnectTestWinForm.csproj", "{1335B3C7-55FD-4441-8783-D9BC4F2C006D}"
EndProject
Project("{FAE04EC0-301F-11D3-BF4B-00C04F79EFBC}") = "WinForm20Map", "WinForm20Map\WinForm20Map.csproj", "{EB6A0A08-ED5C-4E3B-9C95-28DF50276D40}"
EndProject
Global
	GlobalSection(SolutionConfigurationPlatforms) = preSolution
		Debug|Any CPU = Debug|Any CPU
		Release|Any CPU = Release|Any CPU
	EndGlobalSection
	GlobalSection(ProjectConfigurationPlatforms) = postSolution
		{1335B3C7-55FD-4441-8783-D9BC4F2C006D}.Debug|Any CPU.ActiveCfg = Debug|Any CPU
		{1335B3C7-55FD-4441-8783-D9BC4F2C006D}.Debug|Any CPU.Build.0 = Debug|Any CPU
		{1335B3C7-55FD-4441-8783-D9BC4F2C006D}.Release|Any CPU.ActiveCfg = Release|Any CPU
		{1335B3C7-55FD-4441-8783-D9BC4F2C006D}.Release|Any CPU.Build.0 = Release|Any CPU
		{EB6A0A08-ED5C-4E3B-9C95-28DF50276D40}.Debug|Any CPU.ActiveCfg = Debug|Any CPU
		{EB6A0A08-ED5C-4E3B-9C95-28DF50276D40}.Debug|Any CPU.Build.0 = Debug|Any CPU
		{EB6A0A08-ED5C-4E3B-9C95-28DF50276D40}.Release|Any CPU.ActiveCfg = Release|Any CPU
		{EB6A0A08-ED5C-4E3B-9C95-28DF50276D40}.Release|Any CPU.Build.0 = Release|Any CPU
	EndGlobalSection
	GlobalSection(SolutionProperties) = preSolution
		HideSolutionNode = FALSE
	EndGlobalSection
EndGlobal
